<?xml version="1.0" encoding="utf-8"?>
<Project ToolsVersion="4.0" xmlns="http://schemas.microsoft.com/developer/msbuild/2003">
  <ItemGroup>
    <Filter Include="Source Files">
      <UniqueIdentifier>{4FC737F1-C7A5-4376-A066-2A32D752A2FF}</UniqueIdentifier>
      <Extensions>cpp;c;cc;cxx;c++;cppm;ixx;def;odl;idl;hpj;bat;asm;asmx</Extensions>
    </Filter>
    <Filter Include="Resource Files">
      <UniqueIdentifier>{67DA6AB6-F800-4c08-8B7A-83BB121AAD01}</UniqueIdentifier>
      <Extensions>rc;ico;cur;bmp;dlg;rc2;rct;bin;rgs;gif;jpg;jpeg;jpe;resx;tiff;tif;png;wav;mfcribbon-ms</Extensions>
    </Filter>
    <Filter Include="Source Files\Types">
      <UniqueIdentifier>{5a831c48-0048-4d32-a0d8-be3bb903ca34}</UniqueIdentifier>
    </Filter>
    <Filter Include="Source Files\Helpers">
      <UniqueIdentifier>{b1961303-5d2f-47e5-8dc2-96bf5c341b66}</UniqueIdentifier>
    </Filter>
    <Filter Include="Source Files\Core">
      <UniqueIdentifier>{8aae54f1-6861-4b4e-8962-dfa0d29b6eae}</UniqueIdentifier>
    </Filter>
  </ItemGroup>
  <ItemGroup>
    <ClCompile Include="..\Interpreter\AstPrinter.ixx">
      <Filter>Source Files\Helpers</Filter>
    </ClCompile>
    <ClCompile Include="..\Interpreter\Logger.ixx">
      <Filter>Source Files\Helpers</Filter>
    </ClCompile>
    <ClCompile Include="..\Interpreter\SourceUtils.ixx">
      <Filter>Source Files\Helpers</Filter>
    </ClCompile>
    <ClCompile Include="..\Interpreter\Interpreter.ixx">
      <Filter>Source Files\Core</Filter>
    </ClCompile>
    <ClCompile Include="..\Interpreter\Lexer.ixx">
      <Filter>Source Files\Core</Filter>
    </ClCompile>
    <ClCompile Include="..\Interpreter\Parser.ixx">
      <Filter>Source Files\Core</Filter>
    </ClCompile>
    <ClCompile Include="..\Interpreter\Error.ixx">
      <Filter>Source Files\Types</Filter>
    </ClCompile>
    <ClCompile Include="..\Interpreter\Expr.ixx">
      <Filter>Source Files\Types</Filter>
    </ClCompile>
    <ClCompile Include="..\Interpreter\Stmt.ixx">
      <Filter>Source Files\Types</Filter>
    </ClCompile>
    <ClCompile Include="..\Interpreter\Token.ixx">
      <Filter>Source Files\Types</Filter>
    </ClCompile>
    <ClCompile Include="..\Interpreter\Value.ixx">
      <Filter>Source Files\Types</Filter>
    </ClCompile>
    <ClCompile Include="..\Interpreter\Exceptions.ixx">
      <Filter>Source Files\Types</Filter>
    </ClCompile>
  </ItemGroup>
</Project>